
Microsoft Visual Studio Solution File, Format Version 12.00
# Visual Studio Version 17
VisualStudioVersion = 17.7.34018.315
MinimumVisualStudioVersion = 10.0.40219.1
Project("{FAE04EC0-301F-11D3-BF4B-00C04F79EFBC}") = "Proje_OOP", "Proje_OOP\Proje_OOP.csproj", "{C6F9C42C-D1E2-4326-85F7-F16EB398096C}"
EndProject
Global
	GlobalSection(SolutionConfigurationPlatforms) = preSolution
		Debug|Any CPU = Debug|Any CPU
		Release|Any CPU = Release|Any CPU
	EndGlobalSection
	GlobalSection(ProjectConfigurationPlatforms) = postSolution
		{C6F9C42C-D1E2-4326-85F7-F16EB398096C}.Debug|Any CPU.ActiveCfg = Debug|Any CPU
		{C6F9C42C-D1E2-4326-85F7-F16EB398096C}.Debug|Any CPU.Build.0 = Debug|Any CPU
		{C6F9C42C-D1E2-4326-85F7-F16EB398096C}.Release|Any CPU.ActiveCfg = Release|Any CPU
		{C6F9C42C-D1E2-4326-85F7-F16EB398096C}.Release|Any CPU.Build.0 = Release|Any CPU
	EndGlobalSection
	GlobalSection(SolutionProperties) = preSolution
		HideSolutionNode = FALSE
	EndGlobalSection
	GlobalSection(ExtensibilityGlobals) = postSolution
		SolutionGuid = {3695719B-0EB0-435D-80F5-018B817EF553}
	EndGlobalSection
EndGlobal
